
Microsoft Visual Studio Solution File, Format Version 12.00
# Visual Studio 14
VisualStudioVersion = 14.0.23107.0
MinimumVisualStudioVersion = 10.0.40219.1
Project("{A07B5EB6-E848-4116-A8D0-A826331D98C6}") = "IoTApplication", "Actors\IoTApplication\IoTApplication.sfproj", "{219BCC4C-D1B3-4A8D-BB7C-CCDB2A20300F}"
EndProject
Project("{FAE04EC0-301F-11D3-BF4B-00C04F79EFBC}") = "FloorActor", "Actors\FloorActor\FloorActor.csproj", "{D9D4F613-8501-4A14-A99F-D8F0A3283001}"
EndProject
Project("{FAE04EC0-301F-11D3-BF4B-00C04F79EFBC}") = "StorageActor", "Actors\StorageActor\StorageActor.csproj", "{438EA3A9-A793-4697-B51B-51FD9B99C75F}"
EndProject
Project("{FAE04EC0-301F-11D3-BF4B-00C04F79EFBC}") = "PowerBIActor", "Actors\PowerBIActor\PowerBIActor.csproj", "{FDA68B81-9821-423F-9DB1-0EB6AF582763}"
EndProject
Project("{2150E333-8FDC-42A3-9474-1A3956D46DE8}") = "Actors", "Actors", "{7243344A-2F76-4450-87AF-BAE5D974B55B}"
EndProject
Project("{FAE04EC0-301F-11D3-BF4B-00C04F79EFBC}") = "DeviceActor", "Actors\DeviceActor\DeviceActor.csproj", "{2112E342-04CF-4BA1-8932-5B2E90F69155}"
EndProject
Project("{2150E333-8FDC-42A3-9474-1A3956D46DE8}") = "Gateway", "Gateway", "{60F5BD6B-A323-40B9-8612-E16CF3A8C71A}"
EndProject
Project("{FAE04EC0-301F-11D3-BF4B-00C04F79EFBC}") = "IoTProcessorManagement.Common", "gateway\IoTProcessorManagement.Common\IoTProcessorManagement.Common.csproj", "{F975D7FE-CC35-4AE2-B194-8BA52C934107}"
EndProject
Project("{FAE04EC0-301F-11D3-BF4B-00C04F79EFBC}") = "IoTProcessorManagement.Clients", "gateway\IoTProcessorManagement.Clients\IoTProcessorManagement.Clients.csproj", "{7AB0BB07-2DC8-4CA3-89D8-B10993A6D582}"
EndProject
Project("{2150E333-8FDC-42A3-9474-1A3956D46DE8}") = "PowerShell", "PowerShell", "{727D92E2-8EB5-49A7-990C-679F0C128FE3}"
EndProject
Project("{FAE04EC0-301F-11D3-BF4B-00C04F79EFBC}") = "IoTProcessorManagement", "gateway\IoTProcessorManagement\IoTProcessorManagement.csproj", "{20B453E3-7B99-4E0F-B3EE-7066B61424FD}"
EndProject
Project("{2150E333-8FDC-42A3-9474-1A3956D46DE8}") = "Processor", "Processor", "{F96D5F17-7ADE-4A6E-BB87-CFD95A534347}"
EndProject
Project("{FAE04EC0-301F-11D3-BF4B-00C04F79EFBC}") = "IoTEventHubProcessorService", "gateway\IoTEventHubProcessorService\IoTEventHubProcessorService.csproj", "{3C88DEF2-3749-4974-89B5-4316FC69464F}"
EndProject
Project("{A07B5EB6-E848-4116-A8D0-A826331D98C6}") = "IoTEventHubProcessorApp", "gateway\IoTEventHubProcessorApp\IoTEventHubProcessorApp.sfproj", "{8BAA8589-152B-498E-9DD1-2F129AE9F45E}"
EndProject
Project("{2150E333-8FDC-42A3-9474-1A3956D46DE8}") = "ProcessorManagement", "ProcessorManagement", "{CC8EE10F-A905-4878-8498-23EEB98B0568}"
EndProject
Project("{FAE04EC0-301F-11D3-BF4B-00C04F79EFBC}") = "IoTProcessorManagementService", "gateway\IoTProcessorManagementService\IoTProcessorManagementService.csproj", "{F1752997-7EA9-4990-90A3-94A201666CCD}"
EndProject
Project("{A07B5EB6-E848-4116-A8D0-A826331D98C6}") = "IoTProcessorManagementApp", "gateway\IoTProcessorManagementApp\IoTProcessorManagementApp.sfproj", "{7F5C3622-DBE1-4BC8-BC2E-90B50565A9A2}"
EndProject
Project("{FAE04EC0-301F-11D3-BF4B-00C04F79EFBC}") = "IoTActor.Common", "Actors\IoTActor.Common\IoTActor.Common.csproj", "{B73C3407-F264-4BEC-97F1-BAC3282FC00E}"
EndProject
Project("{FAE04EC0-301F-11D3-BF4B-00C04F79EFBC}") = "BuildingActor", "Actors\BuildingActor\BuildingActor.csproj", "{7819D3C6-9CE5-4B64-980E-D9CBE1703D18}"
EndProject
Global
	GlobalSection(SolutionConfigurationPlatforms) = preSolution
		Debug|Any CPU = Debug|Any CPU
		Debug|x64 = Debug|x64
		Release|Any CPU = Release|Any CPU
		Release|x64 = Release|x64
	EndGlobalSection
	GlobalSection(ProjectConfigurationPlatforms) = postSolution
		{219BCC4C-D1B3-4A8D-BB7C-CCDB2A20300F}.Debug|Any CPU.ActiveCfg = Debug|x64
		{219BCC4C-D1B3-4A8D-BB7C-CCDB2A20300F}.Debug|x64.ActiveCfg = Debug|x64
		{219BCC4C-D1B3-4A8D-BB7C-CCDB2A20300F}.Debug|x64.Build.0 = Debug|x64
		{219BCC4C-D1B3-4A8D-BB7C-CCDB2A20300F}.Debug|x64.Deploy.0 = Debug|x64
		{219BCC4C-D1B3-4A8D-BB7C-CCDB2A20300F}.Release|Any CPU.ActiveCfg = Release|x64
		{219BCC4C-D1B3-4A8D-BB7C-CCDB2A20300F}.Release|x64.ActiveCfg = Release|x64
		{219BCC4C-D1B3-4A8D-BB7C-CCDB2A20300F}.Release|x64.Build.0 = Release|x64
		{219BCC4C-D1B3-4A8D-BB7C-CCDB2A20300F}.Release|x64.Deploy.0 = Release|x64
		{D9D4F613-8501-4A14-A99F-D8F0A3283001}.Debug|Any CPU.ActiveCfg = Debug|x64
		{D9D4F613-8501-4A14-A99F-D8F0A3283001}.Debug|x64.ActiveCfg = Debug|x64
		{D9D4F613-8501-4A14-A99F-D8F0A3283001}.Debug|x64.Build.0 = Debug|x64
		{D9D4F613-8501-4A14-A99F-D8F0A3283001}.Release|Any CPU.ActiveCfg = Release|x64
		{D9D4F613-8501-4A14-A99F-D8F0A3283001}.Release|x64.ActiveCfg = Release|x64
		{D9D4F613-8501-4A14-A99F-D8F0A3283001}.Release|x64.Build.0 = Release|x64
		{438EA3A9-A793-4697-B51B-51FD9B99C75F}.Debug|Any CPU.ActiveCfg = Debug|x64
		{438EA3A9-A793-4697-B51B-51FD9B99C75F}.Debug|x64.ActiveCfg = Debug|x64
		{438EA3A9-A793-4697-B51B-51FD9B99C75F}.Debug|x64.Build.0 = Debug|x64
		{438EA3A9-A793-4697-B51B-51FD9B99C75F}.Release|Any CPU.ActiveCfg = Release|x64
		{438EA3A9-A793-4697-B51B-51FD9B99C75F}.Release|x64.ActiveCfg = Release|x64
		{438EA3A9-A793-4697-B51B-51FD9B99C75F}.Release|x64.Build.0 = Release|x64
		{FDA68B81-9821-423F-9DB1-0EB6AF582763}.Debug|Any CPU.ActiveCfg = Debug|x64
		{FDA68B81-9821-423F-9DB1-0EB6AF582763}.Debug|x64.ActiveCfg = Debug|x64
		{FDA68B81-9821-423F-9DB1-0EB6AF582763}.Debug|x64.Build.0 = Debug|x64
		{FDA68B81-9821-423F-9DB1-0EB6AF582763}.Release|Any CPU.ActiveCfg = Release|x64
		{FDA68B81-9821-423F-9DB1-0EB6AF582763}.Release|x64.ActiveCfg = Release|x64
		{FDA68B81-9821-423F-9DB1-0EB6AF582763}.Release|x64.Build.0 = Release|x64
		{2112E342-04CF-4BA1-8932-5B2E90F69155}.Debug|Any CPU.ActiveCfg = Debug|x64
		{2112E342-04CF-4BA1-8932-5B2E90F69155}.Debug|x64.ActiveCfg = Debug|x64
		{2112E342-04CF-4BA1-8932-5B2E90F69155}.Debug|x64.Build.0 = Debug|x64
		{2112E342-04CF-4BA1-8932-5B2E90F69155}.Release|Any CPU.ActiveCfg = Release|x64
		{2112E342-04CF-4BA1-8932-5B2E90F69155}.Release|x64.ActiveCfg = Release|x64
		{2112E342-04CF-4BA1-8932-5B2E90F69155}.Release|x64.Build.0 = Release|x64
		{F975D7FE-CC35-4AE2-B194-8BA52C934107}.Debug|Any CPU.ActiveCfg = Debug|Any CPU
		{F975D7FE-CC35-4AE2-B194-8BA52C934107}.Debug|Any CPU.Build.0 = Debug|Any CPU
		{F975D7FE-CC35-4AE2-B194-8BA52C934107}.Debug|x64.ActiveCfg = Debug|Any CPU
		{F975D7FE-CC35-4AE2-B194-8BA52C934107}.Debug|x64.Build.0 = Debug|Any CPU
		{F975D7FE-CC35-4AE2-B194-8BA52C934107}.Release|Any CPU.ActiveCfg = Release|Any CPU
		{F975D7FE-CC35-4AE2-B194-8BA52C934107}.Release|Any CPU.Build.0 = Release|Any CPU
		{F975D7FE-CC35-4AE2-B194-8BA52C934107}.Release|x64.ActiveCfg = Release|Any CPU
		{F975D7FE-CC35-4AE2-B194-8BA52C934107}.Release|x64.Build.0 = Release|Any CPU
		{7AB0BB07-2DC8-4CA3-89D8-B10993A6D582}.Debug|Any CPU.ActiveCfg = Debug|Any CPU
		{7AB0BB07-2DC8-4CA3-89D8-B10993A6D582}.Debug|Any CPU.Build.0 = Debug|Any CPU
		{7AB0BB07-2DC8-4CA3-89D8-B10993A6D582}.Debug|x64.ActiveCfg = Debug|Any CPU
		{7AB0BB07-2DC8-4CA3-89D8-B10993A6D582}.Debug|x64.Build.0 = Debug|Any CPU
		{7AB0BB07-2DC8-4CA3-89D8-B10993A6D582}.Release|Any CPU.ActiveCfg = Release|Any CPU
		{7AB0BB07-2DC8-4CA3-89D8-B10993A6D582}.Release|Any CPU.Build.0 = Release|Any CPU
		{7AB0BB07-2DC8-4CA3-89D8-B10993A6D582}.Release|x64.ActiveCfg = Release|Any CPU
		{7AB0BB07-2DC8-4CA3-89D8-B10993A6D582}.Release|x64.Build.0 = Release|Any CPU
		{20B453E3-7B99-4E0F-B3EE-7066B61424FD}.Debug|Any CPU.ActiveCfg = Debug|Any CPU
		{20B453E3-7B99-4E0F-B3EE-7066B61424FD}.Debug|Any CPU.Build.0 = Debug|Any CPU
		{20B453E3-7B99-4E0F-B3EE-7066B61424FD}.Debug|x64.ActiveCfg = Debug|Any CPU
		{20B453E3-7B99-4E0F-B3EE-7066B61424FD}.Debug|x64.Build.0 = Debug|Any CPU
		{20B453E3-7B99-4E0F-B3EE-7066B61424FD}.Release|Any CPU.ActiveCfg = Release|Any CPU
		{20B453E3-7B99-4E0F-B3EE-7066B61424FD}.Release|Any CPU.Build.0 = Release|Any CPU
		{20B453E3-7B99-4E0F-B3EE-7066B61424FD}.Release|x64.ActiveCfg = Release|Any CPU
		{20B453E3-7B99-4E0F-B3EE-7066B61424FD}.Release|x64.Build.0 = Release|Any CPU
		{3C88DEF2-3749-4974-89B5-4316FC69464F}.Debug|Any CPU.ActiveCfg = Debug|x64
		{3C88DEF2-3749-4974-89B5-4316FC69464F}.Debug|x64.ActiveCfg = Debug|x64
		{3C88DEF2-3749-4974-89B5-4316FC69464F}.Debug|x64.Build.0 = Debug|x64
		{3C88DEF2-3749-4974-89B5-4316FC69464F}.Release|Any CPU.ActiveCfg = Release|x64
		{3C88DEF2-3749-4974-89B5-4316FC69464F}.Release|x64.ActiveCfg = Release|x64
		{3C88DEF2-3749-4974-89B5-4316FC69464F}.Release|x64.Build.0 = Release|x64
		{8BAA8589-152B-498E-9DD1-2F129AE9F45E}.Debug|Any CPU.ActiveCfg = Debug|x64
		{8BAA8589-152B-498E-9DD1-2F129AE9F45E}.Debug|x64.ActiveCfg = Debug|x64
		{8BAA8589-152B-498E-9DD1-2F129AE9F45E}.Debug|x64.Build.0 = Debug|x64
		{8BAA8589-152B-498E-9DD1-2F129AE9F45E}.Debug|x64.Deploy.0 = Debug|x64
		{8BAA8589-152B-498E-9DD1-2F129AE9F45E}.Release|Any CPU.ActiveCfg = Release|x64
		{8BAA8589-152B-498E-9DD1-2F129AE9F45E}.Release|x64.ActiveCfg = Release|x64
		{8BAA8589-152B-498E-9DD1-2F129AE9F45E}.Release|x64.Build.0 = Release|x64
		{8BAA8589-152B-498E-9DD1-2F129AE9F45E}.Release|x64.Deploy.0 = Release|x64
		{F1752997-7EA9-4990-90A3-94A201666CCD}.Debug|Any CPU.ActiveCfg = Debug|x64
		{F1752997-7EA9-4990-90A3-94A201666CCD}.Debug|x64.ActiveCfg = Debug|x64
		{F1752997-7EA9-4990-90A3-94A201666CCD}.Debug|x64.Build.0 = Debug|x64
		{F1752997-7EA9-4990-90A3-94A201666CCD}.Release|Any CPU.ActiveCfg = Release|x64
		{F1752997-7EA9-4990-90A3-94A201666CCD}.Release|x64.ActiveCfg = Release|x64
		{F1752997-7EA9-4990-90A3-94A201666CCD}.Release|x64.Build.0 = Release|x64
		{7F5C3622-DBE1-4BC8-BC2E-90B50565A9A2}.Debug|Any CPU.ActiveCfg = Debug|x64
		{7F5C3622-DBE1-4BC8-BC2E-90B50565A9A2}.Debug|x64.ActiveCfg = Debug|x64
		{7F5C3622-DBE1-4BC8-BC2E-90B50565A9A2}.Debug|x64.Build.0 = Debug|x64
		{7F5C3622-DBE1-4BC8-BC2E-90B50565A9A2}.Debug|x64.Deploy.0 = Debug|x64
		{7F5C3622-DBE1-4BC8-BC2E-90B50565A9A2}.Release|Any CPU.ActiveCfg = Release|x64
		{7F5C3622-DBE1-4BC8-BC2E-90B50565A9A2}.Release|x64.ActiveCfg = Release|x64
		{7F5C3622-DBE1-4BC8-BC2E-90B50565A9A2}.Release|x64.Build.0 = Release|x64
		{7F5C3622-DBE1-4BC8-BC2E-90B50565A9A2}.Release|x64.Deploy.0 = Release|x64
		{B73C3407-F264-4BEC-97F1-BAC3282FC00E}.Debug|Any CPU.ActiveCfg = Debug|x64
		{B73C3407-F264-4BEC-97F1-BAC3282FC00E}.Debug|x64.ActiveCfg = Debug|x64
		{B73C3407-F264-4BEC-97F1-BAC3282FC00E}.Debug|x64.Build.0 = Debug|x64
		{B73C3407-F264-4BEC-97F1-BAC3282FC00E}.Release|Any CPU.ActiveCfg = Release|x64
		{B73C3407-F264-4BEC-97F1-BAC3282FC00E}.Release|x64.ActiveCfg = Release|x64
		{B73C3407-F264-4BEC-97F1-BAC3282FC00E}.Release|x64.Build.0 = Release|x64
		{7819D3C6-9CE5-4B64-980E-D9CBE1703D18}.Debug|Any CPU.ActiveCfg = Debug|x64
		{7819D3C6-9CE5-4B64-980E-D9CBE1703D18}.Debug|x64.ActiveCfg = Debug|x64
		{7819D3C6-9CE5-4B64-980E-D9CBE1703D18}.Debug|x64.Build.0 = Debug|x64
		{7819D3C6-9CE5-4B64-980E-D9CBE1703D18}.Release|Any CPU.ActiveCfg = Release|x64
		{7819D3C6-9CE5-4B64-980E-D9CBE1703D18}.Release|x64.ActiveCfg = Release|x64
		{7819D3C6-9CE5-4B64-980E-D9CBE1703D18}.Release|x64.Build.0 = Release|x64
	EndGlobalSection
	GlobalSection(SolutionProperties) = preSolution
		HideSolutionNode = FALSE
	EndGlobalSection
	GlobalSection(NestedProjects) = preSolution
		{219BCC4C-D1B3-4A8D-BB7C-CCDB2A20300F} = {7243344A-2F76-4450-87AF-BAE5D974B55B}
		{D9D4F613-8501-4A14-A99F-D8F0A3283001} = {7243344A-2F76-4450-87AF-BAE5D974B55B}
		{438EA3A9-A793-4697-B51B-51FD9B99C75F} = {7243344A-2F76-4450-87AF-BAE5D974B55B}
		{FDA68B81-9821-423F-9DB1-0EB6AF582763} = {7243344A-2F76-4450-87AF-BAE5D974B55B}
		{2112E342-04CF-4BA1-8932-5B2E90F69155} = {7243344A-2F76-4450-87AF-BAE5D974B55B}
		{F975D7FE-CC35-4AE2-B194-8BA52C934107} = {60F5BD6B-A323-40B9-8612-E16CF3A8C71A}
		{7AB0BB07-2DC8-4CA3-89D8-B10993A6D582} = {60F5BD6B-A323-40B9-8612-E16CF3A8C71A}
		{727D92E2-8EB5-49A7-990C-679F0C128FE3} = {60F5BD6B-A323-40B9-8612-E16CF3A8C71A}
		{20B453E3-7B99-4E0F-B3EE-7066B61424FD} = {727D92E2-8EB5-49A7-990C-679F0C128FE3}
		{F96D5F17-7ADE-4A6E-BB87-CFD95A534347} = {60F5BD6B-A323-40B9-8612-E16CF3A8C71A}
		{3C88DEF2-3749-4974-89B5-4316FC69464F} = {F96D5F17-7ADE-4A6E-BB87-CFD95A534347}
		{8BAA8589-152B-498E-9DD1-2F129AE9F45E} = {F96D5F17-7ADE-4A6E-BB87-CFD95A534347}
		{CC8EE10F-A905-4878-8498-23EEB98B0568} = {60F5BD6B-A323-40B9-8612-E16CF3A8C71A}
		{F1752997-7EA9-4990-90A3-94A201666CCD} = {CC8EE10F-A905-4878-8498-23EEB98B0568}
		{7F5C3622-DBE1-4BC8-BC2E-90B50565A9A2} = {CC8EE10F-A905-4878-8498-23EEB98B0568}
		{B73C3407-F264-4BEC-97F1-BAC3282FC00E} = {7243344A-2F76-4450-87AF-BAE5D974B55B}
		{7819D3C6-9CE5-4B64-980E-D9CBE1703D18} = {7243344A-2F76-4450-87AF-BAE5D974B55B}
	EndGlobalSection
	GlobalSection(ExtensibilityGlobals) = postSolution
		EnterpriseLibraryConfigurationToolBinariesPathV6 = packages\EnterpriseLibrary.TransientFaultHandling.6.0.1304.0\lib\portable-net45+win+wp8;packages\EnterpriseLibrary.TransientFaultHandling.Data.6.0.1304.1\lib\NET45
	EndGlobalSection
EndGlobal
